
Microsoft Visual Studio Solution File, Format Version 12.00
# Visual Studio Version 16
VisualStudioVersion = 16.0.29306.81
MinimumVisualStudioVersion = 10.0.40219.1
Project("{F184B08F-C81C-45F6-A57F-5ABD9991F28F}") = "Jogo das Minas", "Jogo das Minas\Jogo das Minas.vbproj", "{51B68981-3EDF-4F27-9997-0F88CCE68687}"
EndProject
Global
	GlobalSection(SolutionConfigurationPlatforms) = preSolution
		Debug|Any CPU = Debug|Any CPU
		Release|Any CPU = Release|Any CPU
	EndGlobalSection
	GlobalSection(ProjectConfigurationPlatforms) = postSolution
		{51B68981-3EDF-4F27-9997-0F88CCE68687}.Debug|Any CPU.ActiveCfg = Debug|Any CPU
		{51B68981-3EDF-4F27-9997-0F88CCE68687}.Debug|Any CPU.Build.0 = Debug|Any CPU
		{51B68981-3EDF-4F27-9997-0F88CCE68687}.Release|Any CPU.ActiveCfg = Release|Any CPU
		{51B68981-3EDF-4F27-9997-0F88CCE68687}.Release|Any CPU.Build.0 = Release|Any CPU
	EndGlobalSection
	GlobalSection(SolutionProperties) = preSolution
		HideSolutionNode = FALSE
	EndGlobalSection
	GlobalSection(ExtensibilityGlobals) = postSolution
		SolutionGuid = {277A96D0-B59D-4C8D-980A-4AC78F800B3C}
	EndGlobalSection
EndGlobal
